
Microsoft Visual Studio Solution File, Format Version 12.00
# Visual Studio Version 16
VisualStudioVersion = 16.0.30309.148
MinimumVisualStudioVersion = 15.0.26124.0
Project("{2150E333-8FDC-42A3-9474-1A3956D46DE8}") = "Application", "Application", "{A0D60AD3-8D76-45CA-9BCC-E84AA47A8C50}"
EndProject
Project("{9A19103F-16F7-4668-BE54-9A1E7A4F7556}") = "TGS.Cartorio.Application", "Application\TGS.Cartorio.Application\TGS.Cartorio.Application.csproj", "{583B6929-A3BC-4BDC-BFEF-7C535066FDC4}"
EndProject
Project("{2150E333-8FDC-42A3-9474-1A3956D46DE8}") = "Domain", "Domain", "{5E2CF44B-C411-41EA-815F-22E74A31C529}"
EndProject
Project("{9A19103F-16F7-4668-BE54-9A1E7A4F7556}") = "TGS.Cartorio.Domain", "Domain\TGS.Cartorio.Domain\TGS.Cartorio.Domain.csproj", "{04DDE898-246D-4124-BF3D-17CE205CCC0D}"
EndProject
Project("{2150E333-8FDC-42A3-9474-1A3956D46DE8}") = "Infrastructure", "Infrastructure", "{61638C85-1292-4C85-8656-54FCA77DC021}"
EndProject
Project("{9A19103F-16F7-4668-BE54-9A1E7A4F7556}") = "TGS.Cartorio.Infrastructure.SqlServer", "Infrastructure\TGS.Cartorio.Infrastructure.SqlServer\TGS.Cartorio.Infrastructure.SqlServer.csproj", "{99D07D64-F296-4ED8-9884-946F50C57B0E}"
EndProject
Project("{2150E333-8FDC-42A3-9474-1A3956D46DE8}") = "Presentation", "Presentation", "{3531CB75-0847-4181-925D-E5C2808B04CD}"
EndProject
Project("{9A19103F-16F7-4668-BE54-9A1E7A4F7556}") = "TGS.Cartorio.Presentation.Angular", "Presentation\TGS.Cartorio.Presentation.Angular\TGS.Cartorio.Presentation.Angular.csproj", "{90A7421D-70B0-4626-A112-C7D6729423E6}"
EndProject
Project("{9A19103F-16F7-4668-BE54-9A1E7A4F7556}") = "TGS.Cartorio.Application.Api", "Application\TGS.Cartorio.Application.Api\TGS.Cartorio.Application.Api.csproj", "{B3B422A9-43F0-4457-99B9-D79258F77E63}"
EndProject
Project("{9A19103F-16F7-4668-BE54-9A1E7A4F7556}") = "TGS.Cartorio.Infrastructure.IoC", "Infrastructure\TGS.Cartorio.Infrastructure.IoC\TGS.Cartorio.Infrastructure.IoC.csproj", "{7AA52841-372B-460B-9E15-823FB8B52DB9}"
EndProject
Project("{2150E333-8FDC-42A3-9474-1A3956D46DE8}") = "Solution Items", "Solution Items", "{F217754A-2538-4B42-AC2A-D91346A21DB6}"
	ProjectSection(SolutionItems) = preProject
		.gitignore = .gitignore
		readme.md = readme.md
	EndProjectSection
EndProject
Project("{9A19103F-16F7-4668-BE54-9A1E7A4F7556}") = "TGS.Cartorio.Infrastructure.Configs", "Infrastructure\TGS.Cartorio.Infrastructure.Configs\TGS.Cartorio.Infrastructure.Configs.csproj", "{1171D593-54DC-4667-B1EB-46BFCC69B9D2}"
EndProject
Project("{9A19103F-16F7-4668-BE54-9A1E7A4F7556}") = "TGS.Cartorio.Infrastructure.Utility", "Infrastructure\TGS.Cartorio.Utility\TGS.Cartorio.Infrastructure.Utility.csproj", "{866BDEDC-1E59-4F30-A037-55B4FC76C7DB}"
EndProject
Project("{9A19103F-16F7-4668-BE54-9A1E7A4F7556}") = "TGS.Identity.API", "Application\TGS.Identity.API\TGS.Identity.API.csproj", "{2E722929-1660-48F5-BAF9-5D7B4FA9DE96}"
EndProject
Project("{9A19103F-16F7-4668-BE54-9A1E7A4F7556}") = "TGS.Correios.API", "Application\TGS.Correios.API\TGS.Correios.API.csproj", "{F8627C79-D615-442E-B5C7-6988DE0DE918}"
EndProject
Project("{9A19103F-16F7-4668-BE54-9A1E7A4F7556}") = "TGS.Pagamento.API", "Application\TGS.ConPay.API\TGS.Pagamento.API.csproj", "{016ED826-03BF-49DA-8515-0A7698EAD9FE}"
EndProject
Project("{9A19103F-16F7-4668-BE54-9A1E7A4F7556}") = "TGS.Cartorio.Application.Jobs", "TGS.Cartorio.Application.Jobs\TGS.Cartorio.Application.Jobs.csproj", "{EF950002-BAB1-46B5-B358-7AE80D461BE6}"
EndProject
Global
	GlobalSection(SolutionConfigurationPlatforms) = preSolution
		Debug|Any CPU = Debug|Any CPU
		Debug|x64 = Debug|x64
		Debug|x86 = Debug|x86
		Release|Any CPU = Release|Any CPU
		Release|x64 = Release|x64
		Release|x86 = Release|x86
	EndGlobalSection
	GlobalSection(ProjectConfigurationPlatforms) = postSolution
		{583B6929-A3BC-4BDC-BFEF-7C535066FDC4}.Debug|Any CPU.ActiveCfg = Debug|Any CPU
		{583B6929-A3BC-4BDC-BFEF-7C535066FDC4}.Debug|Any CPU.Build.0 = Debug|Any CPU
		{583B6929-A3BC-4BDC-BFEF-7C535066FDC4}.Debug|x64.ActiveCfg = Debug|Any CPU
		{583B6929-A3BC-4BDC-BFEF-7C535066FDC4}.Debug|x64.Build.0 = Debug|Any CPU
		{583B6929-A3BC-4BDC-BFEF-7C535066FDC4}.Debug|x86.ActiveCfg = Debug|Any CPU
		{583B6929-A3BC-4BDC-BFEF-7C535066FDC4}.Debug|x86.Build.0 = Debug|Any CPU
		{583B6929-A3BC-4BDC-BFEF-7C535066FDC4}.Release|Any CPU.ActiveCfg = Release|Any CPU
		{583B6929-A3BC-4BDC-BFEF-7C535066FDC4}.Release|Any CPU.Build.0 = Release|Any CPU
		{583B6929-A3BC-4BDC-BFEF-7C535066FDC4}.Release|x64.ActiveCfg = Release|Any CPU
		{583B6929-A3BC-4BDC-BFEF-7C535066FDC4}.Release|x64.Build.0 = Release|Any CPU
		{583B6929-A3BC-4BDC-BFEF-7C535066FDC4}.Release|x86.ActiveCfg = Release|Any CPU
		{583B6929-A3BC-4BDC-BFEF-7C535066FDC4}.Release|x86.Build.0 = Release|Any CPU
		{04DDE898-246D-4124-BF3D-17CE205CCC0D}.Debug|Any CPU.ActiveCfg = Debug|Any CPU
		{04DDE898-246D-4124-BF3D-17CE205CCC0D}.Debug|Any CPU.Build.0 = Debug|Any CPU
		{04DDE898-246D-4124-BF3D-17CE205CCC0D}.Debug|x64.ActiveCfg = Debug|Any CPU
		{04DDE898-246D-4124-BF3D-17CE205CCC0D}.Debug|x64.Build.0 = Debug|Any CPU
		{04DDE898-246D-4124-BF3D-17CE205CCC0D}.Debug|x86.ActiveCfg = Debug|Any CPU
		{04DDE898-246D-4124-BF3D-17CE205CCC0D}.Debug|x86.Build.0 = Debug|Any CPU
		{04DDE898-246D-4124-BF3D-17CE205CCC0D}.Release|Any CPU.ActiveCfg = Release|Any CPU
		{04DDE898-246D-4124-BF3D-17CE205CCC0D}.Release|Any CPU.Build.0 = Release|Any CPU
		{04DDE898-246D-4124-BF3D-17CE205CCC0D}.Release|x64.ActiveCfg = Release|Any CPU
		{04DDE898-246D-4124-BF3D-17CE205CCC0D}.Release|x64.Build.0 = Release|Any CPU
		{04DDE898-246D-4124-BF3D-17CE205CCC0D}.Release|x86.ActiveCfg = Release|Any CPU
		{04DDE898-246D-4124-BF3D-17CE205CCC0D}.Release|x86.Build.0 = Release|Any CPU
		{99D07D64-F296-4ED8-9884-946F50C57B0E}.Debug|Any CPU.ActiveCfg = Debug|Any CPU
		{99D07D64-F296-4ED8-9884-946F50C57B0E}.Debug|Any CPU.Build.0 = Debug|Any CPU
		{99D07D64-F296-4ED8-9884-946F50C57B0E}.Debug|x64.ActiveCfg = Debug|Any CPU
		{99D07D64-F296-4ED8-9884-946F50C57B0E}.Debug|x64.Build.0 = Debug|Any CPU
		{99D07D64-F296-4ED8-9884-946F50C57B0E}.Debug|x86.ActiveCfg = Debug|Any CPU
		{99D07D64-F296-4ED8-9884-946F50C57B0E}.Debug|x86.Build.0 = Debug|Any CPU
		{99D07D64-F296-4ED8-9884-946F50C57B0E}.Release|Any CPU.ActiveCfg = Release|Any CPU
		{99D07D64-F296-4ED8-9884-946F50C57B0E}.Release|Any CPU.Build.0 = Release|Any CPU
		{99D07D64-F296-4ED8-9884-946F50C57B0E}.Release|x64.ActiveCfg = Release|Any CPU
		{99D07D64-F296-4ED8-9884-946F50C57B0E}.Release|x64.Build.0 = Release|Any CPU
		{99D07D64-F296-4ED8-9884-946F50C57B0E}.Release|x86.ActiveCfg = Release|Any CPU
		{99D07D64-F296-4ED8-9884-946F50C57B0E}.Release|x86.Build.0 = Release|Any CPU
		{90A7421D-70B0-4626-A112-C7D6729423E6}.Debug|Any CPU.ActiveCfg = Debug|Any CPU
		{90A7421D-70B0-4626-A112-C7D6729423E6}.Debug|Any CPU.Build.0 = Debug|Any CPU
		{90A7421D-70B0-4626-A112-C7D6729423E6}.Debug|x64.ActiveCfg = Debug|Any CPU
		{90A7421D-70B0-4626-A112-C7D6729423E6}.Debug|x64.Build.0 = Debug|Any CPU
		{90A7421D-70B0-4626-A112-C7D6729423E6}.Debug|x86.ActiveCfg = Debug|Any CPU
		{90A7421D-70B0-4626-A112-C7D6729423E6}.Debug|x86.Build.0 = Debug|Any CPU
		{90A7421D-70B0-4626-A112-C7D6729423E6}.Release|Any CPU.ActiveCfg = Release|Any CPU
		{90A7421D-70B0-4626-A112-C7D6729423E6}.Release|Any CPU.Build.0 = Release|Any CPU
		{90A7421D-70B0-4626-A112-C7D6729423E6}.Release|x64.ActiveCfg = Release|Any CPU
		{90A7421D-70B0-4626-A112-C7D6729423E6}.Release|x64.Build.0 = Release|Any CPU
		{90A7421D-70B0-4626-A112-C7D6729423E6}.Release|x86.ActiveCfg = Release|Any CPU
		{90A7421D-70B0-4626-A112-C7D6729423E6}.Release|x86.Build.0 = Release|Any CPU
		{B3B422A9-43F0-4457-99B9-D79258F77E63}.Debug|Any CPU.ActiveCfg = Debug|Any CPU
		{B3B422A9-43F0-4457-99B9-D79258F77E63}.Debug|Any CPU.Build.0 = Debug|Any CPU
		{B3B422A9-43F0-4457-99B9-D79258F77E63}.Debug|x64.ActiveCfg = Debug|Any CPU
		{B3B422A9-43F0-4457-99B9-D79258F77E63}.Debug|x64.Build.0 = Debug|Any CPU
		{B3B422A9-43F0-4457-99B9-D79258F77E63}.Debug|x86.ActiveCfg = Debug|Any CPU
		{B3B422A9-43F0-4457-99B9-D79258F77E63}.Debug|x86.Build.0 = Debug|Any CPU
		{B3B422A9-43F0-4457-99B9-D79258F77E63}.Release|Any CPU.ActiveCfg = Release|Any CPU
		{B3B422A9-43F0-4457-99B9-D79258F77E63}.Release|Any CPU.Build.0 = Release|Any CPU
		{B3B422A9-43F0-4457-99B9-D79258F77E63}.Release|x64.ActiveCfg = Release|Any CPU
		{B3B422A9-43F0-4457-99B9-D79258F77E63}.Release|x64.Build.0 = Release|Any CPU
		{B3B422A9-43F0-4457-99B9-D79258F77E63}.Release|x86.ActiveCfg = Release|Any CPU
		{B3B422A9-43F0-4457-99B9-D79258F77E63}.Release|x86.Build.0 = Release|Any CPU
		{7AA52841-372B-460B-9E15-823FB8B52DB9}.Debug|Any CPU.ActiveCfg = Debug|Any CPU
		{7AA52841-372B-460B-9E15-823FB8B52DB9}.Debug|Any CPU.Build.0 = Debug|Any CPU
		{7AA52841-372B-460B-9E15-823FB8B52DB9}.Debug|x64.ActiveCfg = Debug|Any CPU
		{7AA52841-372B-460B-9E15-823FB8B52DB9}.Debug|x64.Build.0 = Debug|Any CPU
		{7AA52841-372B-460B-9E15-823FB8B52DB9}.Debug|x86.ActiveCfg = Debug|Any CPU
		{7AA52841-372B-460B-9E15-823FB8B52DB9}.Debug|x86.Build.0 = Debug|Any CPU
		{7AA52841-372B-460B-9E15-823FB8B52DB9}.Release|Any CPU.ActiveCfg = Release|Any CPU
		{7AA52841-372B-460B-9E15-823FB8B52DB9}.Release|Any CPU.Build.0 = Release|Any CPU
		{7AA52841-372B-460B-9E15-823FB8B52DB9}.Release|x64.ActiveCfg = Release|Any CPU
		{7AA52841-372B-460B-9E15-823FB8B52DB9}.Release|x64.Build.0 = Release|Any CPU
		{7AA52841-372B-460B-9E15-823FB8B52DB9}.Release|x86.ActiveCfg = Release|Any CPU
		{7AA52841-372B-460B-9E15-823FB8B52DB9}.Release|x86.Build.0 = Release|Any CPU
		{1171D593-54DC-4667-B1EB-46BFCC69B9D2}.Debug|Any CPU.ActiveCfg = Debug|Any CPU
		{1171D593-54DC-4667-B1EB-46BFCC69B9D2}.Debug|Any CPU.Build.0 = Debug|Any CPU
		{1171D593-54DC-4667-B1EB-46BFCC69B9D2}.Debug|x64.ActiveCfg = Debug|Any CPU
		{1171D593-54DC-4667-B1EB-46BFCC69B9D2}.Debug|x64.Build.0 = Debug|Any CPU
		{1171D593-54DC-4667-B1EB-46BFCC69B9D2}.Debug|x86.ActiveCfg = Debug|Any CPU
		{1171D593-54DC-4667-B1EB-46BFCC69B9D2}.Debug|x86.Build.0 = Debug|Any CPU
		{1171D593-54DC-4667-B1EB-46BFCC69B9D2}.Release|Any CPU.ActiveCfg = Release|Any CPU
		{1171D593-54DC-4667-B1EB-46BFCC69B9D2}.Release|Any CPU.Build.0 = Release|Any CPU
		{1171D593-54DC-4667-B1EB-46BFCC69B9D2}.Release|x64.ActiveCfg = Release|Any CPU
		{1171D593-54DC-4667-B1EB-46BFCC69B9D2}.Release|x64.Build.0 = Release|Any CPU
		{1171D593-54DC-4667-B1EB-46BFCC69B9D2}.Release|x86.ActiveCfg = Release|Any CPU
		{1171D593-54DC-4667-B1EB-46BFCC69B9D2}.Release|x86.Build.0 = Release|Any CPU
		{866BDEDC-1E59-4F30-A037-55B4FC76C7DB}.Debug|Any CPU.ActiveCfg = Debug|Any CPU
		{866BDEDC-1E59-4F30-A037-55B4FC76C7DB}.Debug|Any CPU.Build.0 = Debug|Any CPU
		{866BDEDC-1E59-4F30-A037-55B4FC76C7DB}.Debug|x64.ActiveCfg = Debug|Any CPU
		{866BDEDC-1E59-4F30-A037-55B4FC76C7DB}.Debug|x64.Build.0 = Debug|Any CPU
		{866BDEDC-1E59-4F30-A037-55B4FC76C7DB}.Debug|x86.ActiveCfg = Debug|Any CPU
		{866BDEDC-1E59-4F30-A037-55B4FC76C7DB}.Debug|x86.Build.0 = Debug|Any CPU
		{866BDEDC-1E59-4F30-A037-55B4FC76C7DB}.Release|Any CPU.ActiveCfg = Release|Any CPU
		{866BDEDC-1E59-4F30-A037-55B4FC76C7DB}.Release|Any CPU.Build.0 = Release|Any CPU
		{866BDEDC-1E59-4F30-A037-55B4FC76C7DB}.Release|x64.ActiveCfg = Release|Any CPU
		{866BDEDC-1E59-4F30-A037-55B4FC76C7DB}.Release|x64.Build.0 = Release|Any CPU
		{866BDEDC-1E59-4F30-A037-55B4FC76C7DB}.Release|x86.ActiveCfg = Release|Any CPU
		{866BDEDC-1E59-4F30-A037-55B4FC76C7DB}.Release|x86.Build.0 = Release|Any CPU
		{2E722929-1660-48F5-BAF9-5D7B4FA9DE96}.Debug|Any CPU.ActiveCfg = Debug|Any CPU
		{2E722929-1660-48F5-BAF9-5D7B4FA9DE96}.Debug|Any CPU.Build.0 = Debug|Any CPU
		{2E722929-1660-48F5-BAF9-5D7B4FA9DE96}.Debug|x64.ActiveCfg = Debug|Any CPU
		{2E722929-1660-48F5-BAF9-5D7B4FA9DE96}.Debug|x64.Build.0 = Debug|Any CPU
		{2E722929-1660-48F5-BAF9-5D7B4FA9DE96}.Debug|x86.ActiveCfg = Debug|Any CPU
		{2E722929-1660-48F5-BAF9-5D7B4FA9DE96}.Debug|x86.Build.0 = Debug|Any CPU
		{2E722929-1660-48F5-BAF9-5D7B4FA9DE96}.Release|Any CPU.ActiveCfg = Release|Any CPU
		{2E722929-1660-48F5-BAF9-5D7B4FA9DE96}.Release|Any CPU.Build.0 = Release|Any CPU
		{2E722929-1660-48F5-BAF9-5D7B4FA9DE96}.Release|x64.ActiveCfg = Release|Any CPU
		{2E722929-1660-48F5-BAF9-5D7B4FA9DE96}.Release|x64.Build.0 = Release|Any CPU
		{2E722929-1660-48F5-BAF9-5D7B4FA9DE96}.Release|x86.ActiveCfg = Release|Any CPU
		{2E722929-1660-48F5-BAF9-5D7B4FA9DE96}.Release|x86.Build.0 = Release|Any CPU
		{F8627C79-D615-442E-B5C7-6988DE0DE918}.Debug|Any CPU.ActiveCfg = Debug|Any CPU
		{F8627C79-D615-442E-B5C7-6988DE0DE918}.Debug|Any CPU.Build.0 = Debug|Any CPU
		{F8627C79-D615-442E-B5C7-6988DE0DE918}.Debug|x64.ActiveCfg = Debug|Any CPU
		{F8627C79-D615-442E-B5C7-6988DE0DE918}.Debug|x64.Build.0 = Debug|Any CPU
		{F8627C79-D615-442E-B5C7-6988DE0DE918}.Debug|x86.ActiveCfg = Debug|Any CPU
		{F8627C79-D615-442E-B5C7-6988DE0DE918}.Debug|x86.Build.0 = Debug|Any CPU
		{F8627C79-D615-442E-B5C7-6988DE0DE918}.Release|Any CPU.ActiveCfg = Release|Any CPU
		{F8627C79-D615-442E-B5C7-6988DE0DE918}.Release|Any CPU.Build.0 = Release|Any CPU
		{F8627C79-D615-442E-B5C7-6988DE0DE918}.Release|x64.ActiveCfg = Release|Any CPU
		{F8627C79-D615-442E-B5C7-6988DE0DE918}.Release|x64.Build.0 = Release|Any CPU
		{F8627C79-D615-442E-B5C7-6988DE0DE918}.Release|x86.ActiveCfg = Release|Any CPU
		{F8627C79-D615-442E-B5C7-6988DE0DE918}.Release|x86.Build.0 = Release|Any CPU
		{016ED826-03BF-49DA-8515-0A7698EAD9FE}.Debug|Any CPU.ActiveCfg = Debug|Any CPU
		{016ED826-03BF-49DA-8515-0A7698EAD9FE}.Debug|Any CPU.Build.0 = Debug|Any CPU
		{016ED826-03BF-49DA-8515-0A7698EAD9FE}.Debug|x64.ActiveCfg = Debug|Any CPU
		{016ED826-03BF-49DA-8515-0A7698EAD9FE}.Debug|x64.Build.0 = Debug|Any CPU
		{016ED826-03BF-49DA-8515-0A7698EAD9FE}.Debug|x86.ActiveCfg = Debug|Any CPU
		{016ED826-03BF-49DA-8515-0A7698EAD9FE}.Debug|x86.Build.0 = Debug|Any CPU
		{016ED826-03BF-49DA-8515-0A7698EAD9FE}.Release|Any CPU.ActiveCfg = Release|Any CPU
		{016ED826-03BF-49DA-8515-0A7698EAD9FE}.Release|Any CPU.Build.0 = Release|Any CPU
		{016ED826-03BF-49DA-8515-0A7698EAD9FE}.Release|x64.ActiveCfg = Release|Any CPU
		{016ED826-03BF-49DA-8515-0A7698EAD9FE}.Release|x64.Build.0 = Release|Any CPU
		{016ED826-03BF-49DA-8515-0A7698EAD9FE}.Release|x86.ActiveCfg = Release|Any CPU
		{016ED826-03BF-49DA-8515-0A7698EAD9FE}.Release|x86.Build.0 = Release|Any CPU
		{EF950002-BAB1-46B5-B358-7AE80D461BE6}.Debug|Any CPU.ActiveCfg = Debug|Any CPU
		{EF950002-BAB1-46B5-B358-7AE80D461BE6}.Debug|Any CPU.Build.0 = Debug|Any CPU
		{EF950002-BAB1-46B5-B358-7AE80D461BE6}.Debug|x64.ActiveCfg = Debug|Any CPU
		{EF950002-BAB1-46B5-B358-7AE80D461BE6}.Debug|x64.Build.0 = Debug|Any CPU
		{EF950002-BAB1-46B5-B358-7AE80D461BE6}.Debug|x86.ActiveCfg = Debug|Any CPU
		{EF950002-BAB1-46B5-B358-7AE80D461BE6}.Debug|x86.Build.0 = Debug|Any CPU
		{EF950002-BAB1-46B5-B358-7AE80D461BE6}.Release|Any CPU.ActiveCfg = Release|Any CPU
		{EF950002-BAB1-46B5-B358-7AE80D461BE6}.Release|Any CPU.Build.0 = Release|Any CPU
		{EF950002-BAB1-46B5-B358-7AE80D461BE6}.Release|x64.ActiveCfg = Release|Any CPU
		{EF950002-BAB1-46B5-B358-7AE80D461BE6}.Release|x64.Build.0 = Release|Any CPU
		{EF950002-BAB1-46B5-B358-7AE80D461BE6}.Release|x86.ActiveCfg = Release|Any CPU
		{EF950002-BAB1-46B5-B358-7AE80D461BE6}.Release|x86.Build.0 = Release|Any CPU
	EndGlobalSection
	GlobalSection(SolutionProperties) = preSolution
		HideSolutionNode = FALSE
	EndGlobalSection
	GlobalSection(NestedProjects) = preSolution
		{583B6929-A3BC-4BDC-BFEF-7C535066FDC4} = {A0D60AD3-8D76-45CA-9BCC-E84AA47A8C50}
		{04DDE898-246D-4124-BF3D-17CE205CCC0D} = {5E2CF44B-C411-41EA-815F-22E74A31C529}
		{99D07D64-F296-4ED8-9884-946F50C57B0E} = {61638C85-1292-4C85-8656-54FCA77DC021}
		{90A7421D-70B0-4626-A112-C7D6729423E6} = {3531CB75-0847-4181-925D-E5C2808B04CD}
		{B3B422A9-43F0-4457-99B9-D79258F77E63} = {A0D60AD3-8D76-45CA-9BCC-E84AA47A8C50}
		{7AA52841-372B-460B-9E15-823FB8B52DB9} = {61638C85-1292-4C85-8656-54FCA77DC021}
		{1171D593-54DC-4667-B1EB-46BFCC69B9D2} = {61638C85-1292-4C85-8656-54FCA77DC021}
		{866BDEDC-1E59-4F30-A037-55B4FC76C7DB} = {61638C85-1292-4C85-8656-54FCA77DC021}
		{2E722929-1660-48F5-BAF9-5D7B4FA9DE96} = {A0D60AD3-8D76-45CA-9BCC-E84AA47A8C50}
		{F8627C79-D615-442E-B5C7-6988DE0DE918} = {A0D60AD3-8D76-45CA-9BCC-E84AA47A8C50}
		{016ED826-03BF-49DA-8515-0A7698EAD9FE} = {A0D60AD3-8D76-45CA-9BCC-E84AA47A8C50}
		{EF950002-BAB1-46B5-B358-7AE80D461BE6} = {A0D60AD3-8D76-45CA-9BCC-E84AA47A8C50}
	EndGlobalSection
	GlobalSection(ExtensibilityGlobals) = postSolution
		SolutionGuid = {3F72BA37-453F-44FB-859B-B911EB02614C}
	EndGlobalSection
EndGlobal
